
Microsoft Visual Studio Solution File, Format Version 12.00
# Visual Studio Version 17
VisualStudioVersion = 17.4.33213.308
MinimumVisualStudioVersion = 10.0.40219.1
Project("{FAE04EC0-301F-11D3-BF4B-00C04F79EFBC}") = "zawedenieS", "zawedenieS\zawedenieS.csproj", "{FD2B7355-6F13-47BD-A2EC-1DD84672F3D5}"
EndProject
Global
	GlobalSection(SolutionConfigurationPlatforms) = preSolution
		Debug|Any CPU = Debug|Any CPU
		Release|Any CPU = Release|Any CPU
	EndGlobalSection
	GlobalSection(ProjectConfigurationPlatforms) = postSolution
		{FD2B7355-6F13-47BD-A2EC-1DD84672F3D5}.Debug|Any CPU.ActiveCfg = Debug|Any CPU
		{FD2B7355-6F13-47BD-A2EC-1DD84672F3D5}.Debug|Any CPU.Build.0 = Debug|Any CPU
		{FD2B7355-6F13-47BD-A2EC-1DD84672F3D5}.Release|Any CPU.ActiveCfg = Release|Any CPU
		{FD2B7355-6F13-47BD-A2EC-1DD84672F3D5}.Release|Any CPU.Build.0 = Release|Any CPU
	EndGlobalSection
	GlobalSection(SolutionProperties) = preSolution
		HideSolutionNode = FALSE
	EndGlobalSection
	GlobalSection(ExtensibilityGlobals) = postSolution
		SolutionGuid = {0A05CC15-0668-4E0B-8BB7-E399C0BAD6C5}
	EndGlobalSection
EndGlobal
